
Microsoft Visual Studio Solution File, Format Version 12.00
# Visual Studio Version 16
VisualStudioVersion = 16.0.30413.136
MinimumVisualStudioVersion = 10.0.40219.1
Project("{FAE04EC0-301F-11D3-BF4B-00C04F79EFBC}") = "Algorithm.App", "AlgorithmApp\Algorithm.App.csproj", "{05FD7357-9644-4926-810B-65B24EBFAF44}"
EndProject
Project("{FAE04EC0-301F-11D3-BF4B-00C04F79EFBC}") = "Algorithm.LeetCode", "Algorithm.LeetCode\Algorithm.LeetCode.csproj", "{0256BDEB-E7BD-4EE5-879B-DD1BF28FA8E7}"
EndProject
Global
	GlobalSection(SolutionConfigurationPlatforms) = preSolution
		Debug|Any CPU = Debug|Any CPU
		Release|Any CPU = Release|Any CPU
	EndGlobalSection
	GlobalSection(ProjectConfigurationPlatforms) = postSolution
		{05FD7357-9644-4926-810B-65B24EBFAF44}.Debug|Any CPU.ActiveCfg = Debug|Any CPU
		{05FD7357-9644-4926-810B-65B24EBFAF44}.Debug|Any CPU.Build.0 = Debug|Any CPU
		{05FD7357-9644-4926-810B-65B24EBFAF44}.Release|Any CPU.ActiveCfg = Release|Any CPU
		{05FD7357-9644-4926-810B-65B24EBFAF44}.Release|Any CPU.Build.0 = Release|Any CPU
		{0256BDEB-E7BD-4EE5-879B-DD1BF28FA8E7}.Debug|Any CPU.ActiveCfg = Debug|Any CPU
		{0256BDEB-E7BD-4EE5-879B-DD1BF28FA8E7}.Debug|Any CPU.Build.0 = Debug|Any CPU
		{0256BDEB-E7BD-4EE5-879B-DD1BF28FA8E7}.Release|Any CPU.ActiveCfg = Release|Any CPU
		{0256BDEB-E7BD-4EE5-879B-DD1BF28FA8E7}.Release|Any CPU.Build.0 = Release|Any CPU
	EndGlobalSection
	GlobalSection(SolutionProperties) = preSolution
		HideSolutionNode = FALSE
	EndGlobalSection
	GlobalSection(ExtensibilityGlobals) = postSolution
		SolutionGuid = {8DE600FA-040B-4762-86D0-68658FA70F76}
	EndGlobalSection
EndGlobal
